// !$*UTF8*$!
{
	archiveVersion = 1;
	classes = {
	};
	objectVersion = 50;
	objects = {

/* Begin PBXBuildFile section */
		82938BD624D0501100D62588 /* AppDelegate.swift in Sources */ = {isa = PBXBuildFile; fileRef = 82938BD524D0501100D62588 /* AppDelegate.swift */; };
		82938BD824D0501100D62588 /* SceneDelegate.swift in Sources */ = {isa = PBXBuildFile; fileRef = 82938BD724D0501100D62588 /* SceneDelegate.swift */; };
		82938BDA24D0501100D62588 /* ContentView.swift in Sources */ = {isa = PBXBuildFile; fileRef = 82938BD924D0501100D62588 /* ContentView.swift */; };
		82938BDC24D0501500D62588 /* Assets.xcassets in Resources */ = {isa = PBXBuildFile; fileRef = 82938BDB24D0501500D62588 /* Assets.xcassets */; };
		82938BDF24D0501500D62588 /* Preview Assets.xcassets in Resources */ = {isa = PBXBuildFile; fileRef = 82938BDE24D0501500D62588 /* Preview Assets.xcassets */; };
		82938BE224D0501500D62588 /* LaunchScreen.storyboard in Resources */ = {isa = PBXBuildFile; fileRef = 82938BE024D0501500D62588 /* LaunchScreen.storyboard */; };
		82938BEB24D0553300D62588 /* PermanentMarker-Regular.ttf in Resources */ = {isa = PBXBuildFile; fileRef = 82938BEA24D0553300D62588 /* PermanentMarker-Regular.ttf */; };
		82938BED24D05E4700D62588 /* InfoView.swift in Sources */ = {isa = PBXBuildFile; fileRef = 82938BEC24D05E4700D62588 /* InfoView.swift */; };
/* End PBXBuildFile section */

/* Begin PBXFileReference section */
		82938BD224D0501100D62588 /* VFilCard.app */ = {isa = PBXFileReference; explicitFileType = wrapper.application; includeInIndex = 0; path = VFilCard.app; sourceTree = BUILT_PRODUCTS_DIR; };
		82938BD524D0501100D62588 /* AppDelegate.swift */ = {isa = PBXFileReference; lastKnownFileType = sourcecode.swift; path = AppDelegate.swift; sourceTree = "<group>"; };
		82938BD724D0501100D62588 /* SceneDelegate.swift */ = {isa = PBXFileReference; lastKnownFileType = sourcecode.swift; path = SceneDelegate.swift; sourceTree = "<group>"; };
		82938BD924D0501100D62588 /* ContentView.swift */ = {isa = PBXFileReference; lastKnownFileType = sourcecode.swift; path = ContentView.swift; sourceTree = "<group>"; };
		82938BDB24D0501500D62588 /* Assets.xcassets */ = {isa = PBXFileReference; lastKnownFileType = folder.assetcatalog; path = Assets.xcassets; sourceTree = "<group>"; };
		82938BDE24D0501500D62588 /* Preview Assets.xcassets */ = {isa = PBXFileReference; lastKnownFileType = folder.assetcatalog; path = "Preview Assets.xcassets"; sourceTree = "<group>"; };
		82938BE124D0501500D62588 /* Base */ = {isa = PBXFileReference; lastKnownFileType = file.storyboard; name = Base; path = Base.lproj/LaunchScreen.storyboard; sourceTree = "<group>"; };
		82938BE324D0501500D62588 /* Info.plist */ = {isa = PBXFileReference; lastKnownFileType = text.plist.xml; path = Info.plist; sourceTree = "<group>"; };
		82938BEA24D0553300D62588 /* PermanentMarker-Regular.ttf */ = {isa = PBXFileReference; lastKnownFileType = file; name = "PermanentMarker-Regular.ttf"; path = "../../../I am Rich SwiftUI/I am Rich SwiftUI/Permanent_Marker/PermanentMarker-Regular.ttf"; sourceTree = "<group>"; };
		82938BEC24D05E4700D62588 /* InfoView.swift */ = {isa = PBXFileReference; lastKnownFileType = sourcecode.swift; path = InfoView.swift; sourceTree = "<group>"; };
/* End PBXFileReference section */

/* Begin PBXFrameworksBuildPhase section */
		82938BCF24D0501000D62588 /* Frameworks */ = {
			isa = PBXFrameworksBuildPhase;
			buildActionMask = 2147483647;
			files = (
			);
			runOnlyForDeploymentPostprocessing = 0;
		};
/* End PBXFrameworksBuildPhase section */

/* Begin PBXGroup section */
		82938BC924D0501000D62588 = {
			isa = PBXGroup;
			children = (
				82938BD424D0501100D62588 /* VFilCard */,
				82938BD324D0501100D62588 /* Products */,
			);
			sourceTree = "<group>";
		};
		82938BD324D0501100D62588 /* Products */ = {
			isa = PBXGroup;
			children = (
				82938BD224D0501100D62588 /* VFilCard.app */,
			);
			name = Products;
			sourceTree = "<group>";
		};
		82938BD424D0501100D62588 /* VFilCard */ = {
			isa = PBXGroup;
			children = (
				82938BE924D054FF00D62588 /* Fonts */,
				82938BD524D0501100D62588 /* AppDelegate.swift */,
				82938BD724D0501100D62588 /* SceneDelegate.swift */,
				82938BD924D0501100D62588 /* ContentView.swift */,
				82938BDB24D0501500D62588 /* Assets.xcassets */,
				82938BE024D0501500D62588 /* LaunchScreen.storyboard */,
				82938BE324D0501500D62588 /* Info.plist */,
				82938BDD24D0501500D62588 /* Preview Content */,
				82938BEC24D05E4700D62588 /* InfoView.swift */,
			);
			path = VFilCard;
			sourceTree = "<group>";
		};
		82938BDD24D0501500D62588 /* Preview Content */ = {
			isa = PBXGroup;
			children = (
				82938BDE24D0501500D62588 /* Preview Assets.xcassets */,
			);
			path = "Preview Content";
			sourceTree = "<group>";
		};
		82938BE924D054FF00D62588 /* Fonts */ = {
			isa = PBXGroup;
			children = (
				82938BEA24D0553300D62588 /* PermanentMarker-Regular.ttf */,
			);
			path = Fonts;
			sourceTree = "<group>";
		};
/* End PBXGroup section */

/* Begin PBXNativeTarget section */
		82938BD124D0501000D62588 /* VFilCard */ = {
			isa = PBXNativeTarget;
			buildConfigurationList = 82938BE624D0501500D62588 /* Build configuration list for PBXNativeTarget "VFilCard" */;
			buildPhases = (
				82938BCE24D0501000D62588 /* Sources */,
				82938BCF24D0501000D62588 /* Frameworks */,
				82938BD024D0501000D62588 /* Resources */,
			);
			buildRules = (
			);
			dependencies = (
			);
			name = VFilCard;
			productName = VFilCard;
			productReference = 82938BD224D0501100D62588 /* VFilCard.app */;
			productType = "com.apple.product-type.application";
		};
/* End PBXNativeTarget section */

/* Begin PBXProject section */
		82938BCA24D0501000D62588 /* Project object */ = {
			isa = PBXProject;
			attributes = {
				LastSwiftUpdateCheck = 1150;
				LastUpgradeCheck = 1150;
				ORGANIZATIONNAME = " Vladyslav Fil";
				TargetAttributes = {
					82938BD124D0501000D62588 = {
						CreatedOnToolsVersion = 11.5;
					};
				};
			};
			buildConfigurationList = 82938BCD24D0501000D62588 /* Build configuration list for PBXProject "VFilCard" */;
			compatibilityVersion = "Xcode 9.3";
			developmentRegion = en;
			hasScannedForEncodings = 0;
			knownRegions = (
				en,
				Base,
			);
			mainGroup = 82938BC924D0501000D62588;
			productRefGroup = 82938BD324D0501100D62588 /* Products */;
			projectDirPath = "";
			projectRoot = "";
			targets = (
				82938BD124D0501000D62588 /* VFilCard */,
			);
		};
/* End PBXProject section */

/* Begin PBXResourcesBuildPhase section */
		82938BD024D0501000D62588 /* Resources */ = {
			isa = PBXResourcesBuildPhase;
			buildActionMask = 2147483647;
			files = (
				82938BE224D0501500D62588 /* LaunchScreen.storyboard in Resources */,
				82938BDF24D0501500D62588 /* Preview Assets.xcassets in Resources */,
				82938BEB24D0553300D62588 /* PermanentMarker-Regular.ttf in Resources */,
				82938BDC24D0501500D62588 /* Assets.xcassets in Resources */,
			);
			runOnlyForDeploymentPostprocessing = 0;
		};
/* End PBXResourcesBuildPhase section */

/* Begin PBXSourcesBuildPhase section */
		82938BCE24D0501000D62588 /* Sources */ = {
			isa = PBXSourcesBuildPhase;
			buildActionMask = 2147483647;
			files = (
				82938BED24D05E4700D62588 /* InfoView.swift in Sources */,
				82938BD624D0501100D62588 /* AppDelegate.swift in Sources */,
				82938BD824D0501100D62588 /* SceneDelegate.swift in Sources */,
				82938BDA24D0501100D62588 /* ContentView.swift in Sources */,
			);
			runOnlyForDeploymentPostprocessing = 0;
		};
/* End PBXSourcesBuildPhase section */

/* Begin PBXVariantGroup section */
		82938BE024D0501500D62588 /* LaunchScreen.storyboard */ = {
			isa = PBXVariantGroup;
			children = (
				82938BE124D0501500D62588 /* Base */,
			);
			name = LaunchScreen.storyboard;
			sourceTree = "<group>";
		};
/* End PBXVariantGroup section */

/* Begin XCBuildConfiguration section */
		82938BE424D0501500D62588 /* Debug */ = {
			isa = XCBuildConfiguration;
			buildSettings = {
				ALWAYS_SEARCH_USER_PATHS = NO;
				CLANG_ANALYZER_NONNULL = YES;
				CLANG_ANALYZER_NUMBER_OBJECT_CONVERSION = YES_AGGRESSIVE;
				CLANG_CXX_LANGUAGE_STANDARD = "gnu++14";
				CLANG_CXX_LIBRARY = "libc++";
				CLANG_ENABLE_MODULES = YES;
				CLANG_ENABLE_OBJC_ARC = YES;
				CLANG_ENABLE_OBJC_WEAK = YES;
				CLANG_WARN_BLOCK_CAPTURE_AUTORELEASING = YES;
				CLANG_WARN_BOOL_CONVERSION = YES;
				CLANG_WARN_COMMA = YES;
				CLANG_WARN_CONSTANT_CONVERSION = YES;
				CLANG_WARN_DEPRECATED_OBJC_IMPLEMENTATIONS = YES;
				CLANG_WARN_DIRECT_OBJC_ISA_USAGE = YES_ERROR;
				CLANG_WARN_DOCUMENTATION_COMMENTS = YES;
				CLANG_WARN_EMPTY_BODY = YES;
				CLANG_WARN_ENUM_CONVERSION = YES;
				CLANG_WARN_INFINITE_RECURSION = YES;
				CLANG_WARN_INT_CONVERSION = YES;
				CLANG_WARN_NON_LITERAL_NULL_CONVERSION = YES;
				CLANG_WARN_OBJC_IMPLICIT_RETAIN_SELF = YES;
				CLANG_WARN_OBJC_LITERAL_CONVERSION = YES;
				CLANG_WARN_OBJC_ROOT_CLASS = YES_ERROR;
				CLANG_WARN_RANGE_LOOP_ANALYSIS = YES;
				CLANG_WARN_STRICT_PROTOTYPES = YES;
				CLANG_WARN_SUSPICIOUS_MOVE = YES;
				CLANG_WARN_UNGUARDED_AVAILABILITY = YES_AGGRESSIVE;
				CLANG_WARN_UNREACHABLE_CODE = YES;
				CLANG_WARN__DUPLICATE_METHOD_MATCH = YES;
				COPY_PHASE_STRIP = NO;
				DEBUG_INFORMATION_FORMAT = dwarf;
				ENABLE_STRICT_OBJC_MSGSEND = YES;
				ENABLE_TESTABILITY = YES;
				GCC_C_LANGUAGE_STANDARD = gnu11;
				GCC_DYNAMIC_NO_PIC = NO;
				GCC_NO_COMMON_BLOCKS = YES;
				GCC_OPTIMIZATION_LEVEL = 0;
				GCC_PREPROCESSOR_DEFINITIONS = (
					"DEBUG=1",
					"$(inherited)",
				);
				GCC_WARN_64_TO_32_BIT_CONVERSION = YES;
				GCC_WARN_ABOUT_RETURN_TYPE = YES_ERROR;
				GCC_WARN_UNDECLARED_SELECTOR = YES;
				GCC_WARN_UNINITIALIZED_AUTOS = YES_AGGRESSIVE;
				GCC_WARN_UNUSED_FUNCTION = YES;
				GCC_WARN_UNUSED_VARIABLE = YES;
				IPHONEOS_DEPLOYMENT_TARGET = 13.5;
				MTL_ENABLE_DEBUG_INFO = INCLUDE_SOURCE;
				MTL_FAST_MATH = YES;
				ONLY_ACTIVE_ARCH = YES;
				SDKROOT = iphoneos;
				SWIFT_ACTIVE_COMPILATION_CONDITIONS = DEBUG;
				SWIFT_OPTIMIZATION_LEVEL = "-Onone";
			};
			name = Debug;
		};
		82938BE524D0501500D62588 /* Release */ = {
			isa = XCBuildConfiguration;
			buildSettings = {
				ALWAYS_SEARCH_USER_PATHS = NO;
				CLANG_ANALYZER_NONNULL = YES;
				CLANG_ANALYZER_NUMBER_OBJECT_CONVERSION = YES_AGGRESSIVE;
				CLANG_CXX_LANGUAGE_STANDARD = "gnu++14";
				CLANG_CXX_LIBRARY = "libc++";
				CLANG_ENABLE_MODULES = YES;
				CLANG_ENABLE_OBJC_ARC = YES;
				CLANG_ENABLE_OBJC_WEAK = YES;
				CLANG_WARN_BLOCK_CAPTURE_AUTORELEASING = YES;
				CLANG_WARN_BOOL_CONVERSION = YES;
				CLANG_WARN_COMMA = YES;
				CLANG_WARN_CONSTANT_CONVERSION = YES;
				CLANG_WARN_DEPRECATED_OBJC_IMPLEMENTATIONS = YES;
				CLANG_WARN_DIRECT_OBJC_ISA_USAGE = YES_ERROR;
				CLANG_WARN_DOCUMENTATION_COMMENTS = YES;
				CLANG_WARN_EMPTY_BODY = YES;
				CLANG_WARN_ENUM_CONVERSION = YES;
				CLANG_WARN_INFINITE_RECURSION = YES;
				CLANG_WARN_INT_CONVERSION = YES;
				CLANG_WARN_NON_LITERAL_NULL_CONVERSION = YES;
				CLANG_WARN_OBJC_IMPLICIT_RETAIN_SELF = YES;
				CLANG_WARN_OBJC_LITERAL_CONVERSION = YES;
				CLANG_WARN_OBJC_ROOT_CLASS = YES_ERROR;
				CLANG_WARN_RANGE_LOOP_ANALYSIS = YES;
				CLANG_WARN_STRICT_PROTOTYPES = YES;
				CLANG_WARN_SUSPICIOUS_MOVE = YES;
				CLANG_WARN_UNGUARDED_AVAILABILITY = YES_AGGRESSIVE;
				CLANG_WARN_UNREACHABLE_CODE = YES;
				CLANG_WARN__DUPLICATE_METHOD_MATCH = YES;
				COPY_PHASE_STRIP = NO;
				DEBUG_INFORMATION_FORMAT = "dwarf-with-dsym";
				ENABLE_NS_ASSERTIONS = NO;
				ENABLE_STRICT_OBJC_MSGSEND = YES;
				GCC_C_LANGUAGE_STANDARD = gnu11;
				GCC_NO_COMMON_BLOCKS = YES;
				GCC_WARN_64_TO_32_BIT_CONVERSION = YES;
				GCC_WARN_ABOUT_RETURN_TYPE = YES_ERROR;
				GCC_WARN_UNDECLARED_SELECTOR = YES;
				GCC_WARN_UNINITIALIZED_AUTOS = YES_AGGRESSIVE;
				GCC_WARN_UNUSED_FUNCTION = YES;
				GCC_WARN_UNUSED_VARIABLE = YES;
				IPHONEOS_DEPLOYMENT_TARGET = 13.5;
				MTL_ENABLE_DEBUG_INFO = NO;
				MTL_FAST_MATH = YES;
				SDKROOT = iphoneos;
				SWIFT_COMPILATION_MODE = wholemodule;
				SWIFT_OPTIMIZATION_LEVEL = "-O";
				VALIDATE_PRODUCT = YES;
			};
			name = Release;
		};
		82938BE724D0501500D62588 /* Debug */ = {
			isa = XCBuildConfiguration;
			buildSettings = {
				ASSETCATALOG_COMPILER_APPICON_NAME = AppIcon;
				CODE_SIGN_STYLE = Automatic;
				DEVELOPMENT_ASSET_PATHS = "\"VFilCard/Preview Content\"";
				ENABLE_PREVIEWS = YES;
				INFOPLIST_FILE = VFilCard/Info.plist;
				LD_RUNPATH_SEARCH_PATHS = (
					"$(inherited)",
					"@executable_path/Frameworks",
				);
				PRODUCT_BUNDLE_IDENTIFIER = ua.vfil.VFilCard;
				PRODUCT_NAME = "$(TARGET_NAME)";
				SWIFT_VERSION = 5.0;
				TARGETED_DEVICE_FAMILY = "1,2";
			};
			name = Debug;
		};
		82938BE824D0501500D62588 /* Release */ = {
			isa = XCBuildConfiguration;
			buildSettings = {
				ASSETCATALOG_COMPILER_APPICON_NAME = AppIcon;
				CODE_SIGN_STYLE = Automatic;
				DEVELOPMENT_ASSET_PATHS = "\"VFilCard/Preview Content\"";
				ENABLE_PREVIEWS = YES;
				INFOPLIST_FILE = VFilCard/Info.plist;
				LD_RUNPATH_SEARCH_PATHS = (
					"$(inherited)",
					"@executable_path/Frameworks",
				);
				PRODUCT_BUNDLE_IDENTIFIER = ua.vfil.VFilCard;
				PRODUCT_NAME = "$(TARGET_NAME)";
				SWIFT_VERSION = 5.0;
				TARGETED_DEVICE_FAMILY = "1,2";
			};
			name = Release;
		};
/* End XCBuildConfiguration section */

/* Begin XCConfigurationList section */
		82938BCD24D0501000D62588 /* Build configuration list for PBXProject "VFilCard" */ = {
			isa = XCConfigurationList;
			buildConfigurations = (
				82938BE424D0501500D62588 /* Debug */,
				82938BE524D0501500D62588 /* Release */,
			);
			defaultConfigurationIsVisible = 0;
			defaultConfigurationName = Release;
		};
		82938BE624D0501500D62588 /* Build configuration list for PBXNativeTarget "VFilCard" */ = {
			isa = XCConfigurationList;
			buildConfigurations = (
				82938BE724D0501500D62588 /* Debug */,
				82938BE824D0501500D62588 /* Release */,
			);
			defaultConfigurationIsVisible = 0;
			defaultConfigurationName = Release;
		};
/* End XCConfigurationList section */
	};
	rootObject = 82938BCA24D0501000D62588 /* Project object */;
}
